{
  "name": "storefront",
  "version": "1.0.0",
  "lockfileVersion": 3,
  "requires": true,
  "packages": {
    "": {
      "name": "storefront",
      "version": "1.0.0",
      "dependencies": { "jquery": "1.8.3" }
    },
    "node_modules/jquery": {
      "version": "1.8.3",
      "resolved": "https://registry.npmjs.org/jquery/-/jquery-1.8.3.tgz",
      "integrity": "sha512-0000000000000000000000000000000000000000000000000000000000000000000000000000000000000A=="
    }
  }
}
